
Microsoft Visual Studio Solution File, Format Version 12.00
# Visual Studio Version 17
VisualStudioVersion = 17.6.33829.357
MinimumVisualStudioVersion = 10.0.40219.1
Project("{FAE04EC0-301F-11D3-BF4B-00C04F79EFBC}") = "FacadePattern", "FacadePattern.csproj", "{94C448D8-2515-4C9F-8DB9-42BB9EA5ABE9}"
EndProject
Global
	GlobalSection(SolutionConfigurationPlatforms) = preSolution
		Debug|Any CPU = Debug|Any CPU
		Release|Any CPU = Release|Any CPU
	EndGlobalSection
	GlobalSection(ProjectConfigurationPlatforms) = postSolution
		{94C448D8-2515-4C9F-8DB9-42BB9EA5ABE9}.Debug|Any CPU.ActiveCfg = Debug|Any CPU
		{94C448D8-2515-4C9F-8DB9-42BB9EA5ABE9}.Debug|Any CPU.Build.0 = Debug|Any CPU
		{94C448D8-2515-4C9F-8DB9-42BB9EA5ABE9}.Release|Any CPU.ActiveCfg = Release|Any CPU
		{94C448D8-2515-4C9F-8DB9-42BB9EA5ABE9}.Release|Any CPU.Build.0 = Release|Any CPU
	EndGlobalSection
	GlobalSection(SolutionProperties) = preSolution
		HideSolutionNode = FALSE
	EndGlobalSection
	GlobalSection(ExtensibilityGlobals) = postSolution
		SolutionGuid = {B15C5156-4D05-4F24-9E00-2682745FDF3A}
	EndGlobalSection
EndGlobal
